// !$*UTF8*$!
{
	archiveVersion = 1;
	classes = {
	};
	objectVersion = 51;
	objects = {

/* Begin PBXBuildFile section */
		0C17CA1B26B7F40500D92B81 /* RecruitingText.swift in Sources */ = {isa = PBXBuildFile; fileRef = 0C17CA1A26B7F40500D92B81 /* RecruitingText.swift */; };
		0C17CA1D26B8159E00D92B81 /* MainTableViewCell.swift in Sources */ = {isa = PBXBuildFile; fileRef = 0C17CA1C26B8159E00D92B81 /* MainTableViewCell.swift */; };
		0C26FE9726BE2414003C3501 /* MainTableViewController2.swift in Sources */ = {isa = PBXBuildFile; fileRef = 0C26FE9626BE2414003C3501 /* MainTableViewController2.swift */; };
		0C4DC3E626C94D0B006A44DF /* PostViewController.swift in Sources */ = {isa = PBXBuildFile; fileRef = 0C4DC3E526C94D0B006A44DF /* PostViewController.swift */; };
		0C4DC3EC26C94D49006A44DF /* PostTableViewController.swift in Sources */ = {isa = PBXBuildFile; fileRef = 0C4DC3EB26C94D49006A44DF /* PostTableViewController.swift */; };
		0C54E63026BD069A007DF6CB /* CircleProgressViewController.swift in Sources */ = {isa = PBXBuildFile; fileRef = 0C54E62F26BD069A007DF6CB /* CircleProgressViewController.swift */; };
		0CB4A01526EF74B5003818A0 /* EditNavigationController.swift in Sources */ = {isa = PBXBuildFile; fileRef = 0CB4A01426EF74B5003818A0 /* EditNavigationController.swift */; };
		0CB8FCC426D152000057F0CB /* MakeViewBorder.swift in Sources */ = {isa = PBXBuildFile; fileRef = 0CB8FCC326D152000057F0CB /* MakeViewBorder.swift */; };
		CC7586A526B8524B008EF905 /* LogInViewController.swift in Sources */ = {isa = PBXBuildFile; fileRef = CC7586A426B8524B008EF905 /* LogInViewController.swift */; };
		D80E34B926CA8F1B008CD104 /* MoreDetailsTableViewController.swift in Sources */ = {isa = PBXBuildFile; fileRef = D80E34B826CA8F1B008CD104 /* MoreDetailsTableViewController.swift */; };
		D8143DB826C8F7EC003B70E8 /* MemberRegistrationViewController.swift in Sources */ = {isa = PBXBuildFile; fileRef = D8143DB726C8F7EB003B70E8 /* MemberRegistrationViewController.swift */; };
		D81BA1D826AA8B5C009B1FE3 /* AppDelegate.swift in Sources */ = {isa = PBXBuildFile; fileRef = D81BA1D726AA8B5C009B1FE3 /* AppDelegate.swift */; };
		D81BA1DA26AA8B5C009B1FE3 /* SceneDelegate.swift in Sources */ = {isa = PBXBuildFile; fileRef = D81BA1D926AA8B5C009B1FE3 /* SceneDelegate.swift */; };
		D81BA1DF26AA8B5C009B1FE3 /* Main.storyboard in Resources */ = {isa = PBXBuildFile; fileRef = D81BA1DD26AA8B5C009B1FE3 /* Main.storyboard */; };
		D81BA1E126AA8B5E009B1FE3 /* Assets.xcassets in Resources */ = {isa = PBXBuildFile; fileRef = D81BA1E026AA8B5E009B1FE3 /* Assets.xcassets */; };
		D81BA1E426AA8B5E009B1FE3 /* LaunchScreen.storyboard in Resources */ = {isa = PBXBuildFile; fileRef = D81BA1E226AA8B5E009B1FE3 /* LaunchScreen.storyboard */; };
		D81BA21326AEDFF5009B1FE3 /* SortOfDormitory.swift in Sources */ = {isa = PBXBuildFile; fileRef = D81BA21226AEDFF5009B1FE3 /* SortOfDormitory.swift */; };
		D825487A26E5E77800208372 /* EmailCertificationViewController.swift in Sources */ = {isa = PBXBuildFile; fileRef = D825487926E5E77800208372 /* EmailCertificationViewController.swift */; };
		D825487D26E87E2E00208372 /* ChatMessageAndUserCell.swift in Sources */ = {isa = PBXBuildFile; fileRef = D825487C26E87E2E00208372 /* ChatMessageAndUserCell.swift */; };
		D85366C226B1AD0A0045B8C8 /* ListsTableViewCell.swift in Sources */ = {isa = PBXBuildFile; fileRef = D85366C126B1AD0A0045B8C8 /* ListsTableViewCell.swift */; };
		D85DAD4926BAA6A000E1A419 /* DeviceConfiguration.swift in Sources */ = {isa = PBXBuildFile; fileRef = D85DAD4826BAA6A000E1A419 /* DeviceConfiguration.swift */; };
		D8A0378E26DB7D6900477A5B /* ChatGroupTableViewCell.swift in Sources */ = {isa = PBXBuildFile; fileRef = D8A0378D26DB7D6900477A5B /* ChatGroupTableViewCell.swift */; };
		D8A0379026DB865D00477A5B /* GoogleService-Info.plist in Resources */ = {isa = PBXBuildFile; fileRef = D8A0378F26DB865D00477A5B /* GoogleService-Info.plist */; };
		D8ABC1AD26D283C8009AB503 /* FirebaseDataService.swift in Sources */ = {isa = PBXBuildFile; fileRef = D8ABC1AC26D283C8009AB503 /* FirebaseDataService.swift */; };
		D8ABC1AF26D28533009AB503 /* chattingDataModel.swift in Sources */ = {isa = PBXBuildFile; fileRef = D8ABC1AE26D28533009AB503 /* chattingDataModel.swift */; };
		D8ABC1B126D29C67009AB503 /* ChatGroupTableViewController.swift in Sources */ = {isa = PBXBuildFile; fileRef = D8ABC1B026D29C67009AB503 /* ChatGroupTableViewController.swift */; };
		D8ABC1B326D2A759009AB503 /* ChatRoomViewController.swift in Sources */ = {isa = PBXBuildFile; fileRef = D8ABC1B226D2A759009AB503 /* ChatRoomViewController.swift */; };
		D8ABC1B526D2ADF3009AB503 /* ChatMessageCell.swift in Sources */ = {isa = PBXBuildFile; fileRef = D8ABC1B426D2ADF3009AB503 /* ChatMessageCell.swift */; };
		D8C18F4226B6E73C00242ED7 /* RecruitmenTableViewController.swift in Sources */ = {isa = PBXBuildFile; fileRef = D8C18F4126B6E73C00242ED7 /* RecruitmenTableViewController.swift */; };
		D8C18F4426B6EE5D00242ED7 /* SelectCategoriesTableViewController.swift in Sources */ = {isa = PBXBuildFile; fileRef = D8C18F4326B6EE5D00242ED7 /* SelectCategoriesTableViewController.swift */; };
		D8C18F6C26B95E5000242ED7 /* School.swift in Sources */ = {isa = PBXBuildFile; fileRef = D8C18F6B26B95E5000242ED7 /* School.swift */; };
		FFFC7174C1402A3F4E6896DF /* Pods_DormitoryForDelivery.framework in Frameworks */ = {isa = PBXBuildFile; fileRef = 61902CFB1D74595B278E6C11 /* Pods_DormitoryForDelivery.framework */; };
/* End PBXBuildFile section */

/* Begin PBXFileReference section */
		0C17CA1A26B7F40500D92B81 /* RecruitingText.swift */ = {isa = PBXFileReference; lastKnownFileType = sourcecode.swift; path = RecruitingText.swift; sourceTree = "<group>"; };
		0C17CA1C26B8159E00D92B81 /* MainTableViewCell.swift */ = {isa = PBXFileReference; lastKnownFileType = sourcecode.swift; path = MainTableViewCell.swift; sourceTree = "<group>"; };
		0C26FE9626BE2414003C3501 /* MainTableViewController2.swift */ = {isa = PBXFileReference; lastKnownFileType = sourcecode.swift; path = MainTableViewController2.swift; sourceTree = "<group>"; };
		0C4DC3E526C94D0B006A44DF /* PostViewController.swift */ = {isa = PBXFileReference; lastKnownFileType = sourcecode.swift; path = PostViewController.swift; sourceTree = "<group>"; };
		0C4DC3EB26C94D49006A44DF /* PostTableViewController.swift */ = {isa = PBXFileReference; lastKnownFileType = sourcecode.swift; path = PostTableViewController.swift; sourceTree = "<group>"; };
		0C54E62F26BD069A007DF6CB /* CircleProgressViewController.swift */ = {isa = PBXFileReference; lastKnownFileType = sourcecode.swift; path = CircleProgressViewController.swift; sourceTree = "<group>"; };
		0CB4A01426EF74B5003818A0 /* EditNavigationController.swift */ = {isa = PBXFileReference; lastKnownFileType = sourcecode.swift; path = EditNavigationController.swift; sourceTree = "<group>"; };
		0CB8FCC326D152000057F0CB /* MakeViewBorder.swift */ = {isa = PBXFileReference; lastKnownFileType = sourcecode.swift; path = MakeViewBorder.swift; sourceTree = "<group>"; };
		61902CFB1D74595B278E6C11 /* Pods_DormitoryForDelivery.framework */ = {isa = PBXFileReference; explicitFileType = wrapper.framework; includeInIndex = 0; path = Pods_DormitoryForDelivery.framework; sourceTree = BUILT_PRODUCTS_DIR; };
		B7F007BF26FA59F1F6599373 /* Pods-DormitoryForDelivery.debug.xcconfig */ = {isa = PBXFileReference; includeInIndex = 1; lastKnownFileType = text.xcconfig; name = "Pods-DormitoryForDelivery.debug.xcconfig"; path = "Target Support Files/Pods-DormitoryForDelivery/Pods-DormitoryForDelivery.debug.xcconfig"; sourceTree = "<group>"; };
		CAD7B5AA9DCDA7CA71B229C8 /* Pods-DormitoryForDelivery.release.xcconfig */ = {isa = PBXFileReference; includeInIndex = 1; lastKnownFileType = text.xcconfig; name = "Pods-DormitoryForDelivery.release.xcconfig"; path = "Target Support Files/Pods-DormitoryForDelivery/Pods-DormitoryForDelivery.release.xcconfig"; sourceTree = "<group>"; };
		CC7586A426B8524B008EF905 /* LogInViewController.swift */ = {isa = PBXFileReference; lastKnownFileType = sourcecode.swift; path = LogInViewController.swift; sourceTree = "<group>"; };
		D80E34B826CA8F1B008CD104 /* MoreDetailsTableViewController.swift */ = {isa = PBXFileReference; lastKnownFileType = sourcecode.swift; path = MoreDetailsTableViewController.swift; sourceTree = "<group>"; };
		D8143DB726C8F7EB003B70E8 /* MemberRegistrationViewController.swift */ = {isa = PBXFileReference; lastKnownFileType = sourcecode.swift; path = MemberRegistrationViewController.swift; sourceTree = "<group>"; };
		D81BA1D426AA8B5C009B1FE3 /* DormitoryForDelivery.app */ = {isa = PBXFileReference; explicitFileType = wrapper.application; includeInIndex = 0; path = DormitoryForDelivery.app; sourceTree = BUILT_PRODUCTS_DIR; };
		D81BA1D726AA8B5C009B1FE3 /* AppDelegate.swift */ = {isa = PBXFileReference; lastKnownFileType = sourcecode.swift; path = AppDelegate.swift; sourceTree = "<group>"; };
		D81BA1D926AA8B5C009B1FE3 /* SceneDelegate.swift */ = {isa = PBXFileReference; lastKnownFileType = sourcecode.swift; path = SceneDelegate.swift; sourceTree = "<group>"; };
		D81BA1DE26AA8B5C009B1FE3 /* Base */ = {isa = PBXFileReference; lastKnownFileType = file.storyboard; name = Base; path = Base.lproj/Main.storyboard; sourceTree = "<group>"; };
		D81BA1E026AA8B5E009B1FE3 /* Assets.xcassets */ = {isa = PBXFileReference; lastKnownFileType = folder.assetcatalog; path = Assets.xcassets; sourceTree = "<group>"; };
		D81BA1E326AA8B5E009B1FE3 /* Base */ = {isa = PBXFileReference; lastKnownFileType = file.storyboard; name = Base; path = Base.lproj/LaunchScreen.storyboard; sourceTree = "<group>"; };
		D81BA1E526AA8B5E009B1FE3 /* Info.plist */ = {isa = PBXFileReference; lastKnownFileType = text.plist.xml; path = Info.plist; sourceTree = "<group>"; };
		D81BA21226AEDFF5009B1FE3 /* SortOfDormitory.swift */ = {isa = PBXFileReference; lastKnownFileType = sourcecode.swift; path = SortOfDormitory.swift; sourceTree = "<group>"; };
		D825487926E5E77800208372 /* EmailCertificationViewController.swift */ = {isa = PBXFileReference; lastKnownFileType = sourcecode.swift; path = EmailCertificationViewController.swift; sourceTree = "<group>"; };
		D825487C26E87E2E00208372 /* ChatMessageAndUserCell.swift */ = {isa = PBXFileReference; lastKnownFileType = sourcecode.swift; path = ChatMessageAndUserCell.swift; sourceTree = "<group>"; };
		D85366C126B1AD0A0045B8C8 /* ListsTableViewCell.swift */ = {isa = PBXFileReference; lastKnownFileType = sourcecode.swift; path = ListsTableViewCell.swift; sourceTree = "<group>"; };
		D85DAD4826BAA6A000E1A419 /* DeviceConfiguration.swift */ = {isa = PBXFileReference; lastKnownFileType = sourcecode.swift; path = DeviceConfiguration.swift; sourceTree = "<group>"; };
		D8A0378D26DB7D6900477A5B /* ChatGroupTableViewCell.swift */ = {isa = PBXFileReference; lastKnownFileType = sourcecode.swift; path = ChatGroupTableViewCell.swift; sourceTree = "<group>"; };
		D8A0378F26DB865D00477A5B /* GoogleService-Info.plist */ = {isa = PBXFileReference; fileEncoding = 4; lastKnownFileType = text.plist.xml; path = "GoogleService-Info.plist"; sourceTree = "<group>"; };
		D8ABC1AC26D283C8009AB503 /* FirebaseDataService.swift */ = {isa = PBXFileReference; lastKnownFileType = sourcecode.swift; path = FirebaseDataService.swift; sourceTree = "<group>"; };
		D8ABC1AE26D28533009AB503 /* chattingDataModel.swift */ = {isa = PBXFileReference; lastKnownFileType = sourcecode.swift; path = chattingDataModel.swift; sourceTree = "<group>"; };
		D8ABC1B026D29C67009AB503 /* ChatGroupTableViewController.swift */ = {isa = PBXFileReference; lastKnownFileType = sourcecode.swift; path = ChatGroupTableViewController.swift; sourceTree = "<group>"; };
		D8ABC1B226D2A759009AB503 /* ChatRoomViewController.swift */ = {isa = PBXFileReference; lastKnownFileType = sourcecode.swift; path = ChatRoomViewController.swift; sourceTree = "<group>"; };
		D8ABC1B426D2ADF3009AB503 /* ChatMessageCell.swift */ = {isa = PBXFileReference; lastKnownFileType = sourcecode.swift; path = ChatMessageCell.swift; sourceTree = "<group>"; };
		D8C18F4126B6E73C00242ED7 /* RecruitmenTableViewController.swift */ = {isa = PBXFileReference; lastKnownFileType = sourcecode.swift; path = RecruitmenTableViewController.swift; sourceTree = "<group>"; };
		D8C18F4326B6EE5D00242ED7 /* SelectCategoriesTableViewController.swift */ = {isa = PBXFileReference; lastKnownFileType = sourcecode.swift; path = SelectCategoriesTableViewController.swift; sourceTree = "<group>"; };
		D8C18F6B26B95E5000242ED7 /* School.swift */ = {isa = PBXFileReference; lastKnownFileType = sourcecode.swift; path = School.swift; sourceTree = "<group>"; };
/* End PBXFileReference section */

/* Begin PBXFrameworksBuildPhase section */
		D81BA1D126AA8B5C009B1FE3 /* Frameworks */ = {
			isa = PBXFrameworksBuildPhase;
			buildActionMask = 2147483647;
			files = (
				FFFC7174C1402A3F4E6896DF /* Pods_DormitoryForDelivery.framework in Frameworks */,
			);
			runOnlyForDeploymentPostprocessing = 0;
		};
/* End PBXFrameworksBuildPhase section */

/* Begin PBXGroup section */
		571C082FEA1C877679C2C05C /* Pods */ = {
			isa = PBXGroup;
			children = (
				B7F007BF26FA59F1F6599373 /* Pods-DormitoryForDelivery.debug.xcconfig */,
				CAD7B5AA9DCDA7CA71B229C8 /* Pods-DormitoryForDelivery.release.xcconfig */,
			);
			path = Pods;
			sourceTree = "<group>";
		};
		C7793127C360A3918BCF984C /* Frameworks */ = {
			isa = PBXGroup;
			children = (
				61902CFB1D74595B278E6C11 /* Pods_DormitoryForDelivery.framework */,
			);
			name = Frameworks;
			sourceTree = "<group>";
		};
		D81BA1CB26AA8B5C009B1FE3 = {
			isa = PBXGroup;
			children = (
				D81BA1D626AA8B5C009B1FE3 /* DormitoryForDelivery */,
				D81BA1D526AA8B5C009B1FE3 /* Products */,
				571C082FEA1C877679C2C05C /* Pods */,
				C7793127C360A3918BCF984C /* Frameworks */,
			);
			sourceTree = "<group>";
		};
		D81BA1D526AA8B5C009B1FE3 /* Products */ = {
			isa = PBXGroup;
			children = (
				D81BA1D426AA8B5C009B1FE3 /* DormitoryForDelivery.app */,
			);
			name = Products;
			sourceTree = "<group>";
		};
		D81BA1D626AA8B5C009B1FE3 /* DormitoryForDelivery */ = {
			isa = PBXGroup;
			children = (
				D85DAD4E26BB9E3D00E1A419 /* Views */,
				D85DAD4C26BB9DCD00E1A419 /* Resource */,
				D85366BE26B1ACBC0045B8C8 /* Other Controllers */,
				D81BA20F26AED3F3009B1FE3 /* View Controllers */,
				D81BA21526AEE1A6009B1FE3 /* Model */,
				D81BA21026AED535009B1FE3 /* Model Controllers */,
				D81BA21126AED58B009B1FE3 /* Network Controller */,
				D81BA1E526AA8B5E009B1FE3 /* Info.plist */,
				D8A0378F26DB865D00477A5B /* GoogleService-Info.plist */,
			);
			path = DormitoryForDelivery;
			sourceTree = "<group>";
		};
		D81BA20F26AED3F3009B1FE3 /* View Controllers */ = {
			isa = PBXGroup;
			children = (
				0C26FE9626BE2414003C3501 /* MainTableViewController2.swift */,
				CC7586A426B8524B008EF905 /* LogInViewController.swift */,
				D8C18F4126B6E73C00242ED7 /* RecruitmenTableViewController.swift */,
				D8C18F4326B6EE5D00242ED7 /* SelectCategoriesTableViewController.swift */,
				D8143DB726C8F7EB003B70E8 /* MemberRegistrationViewController.swift */,
				0C4DC3E526C94D0B006A44DF /* PostViewController.swift */,
				0CB4A01426EF74B5003818A0 /* EditNavigationController.swift */,
				0C4DC3EB26C94D49006A44DF /* PostTableViewController.swift */,
				D80E34B826CA8F1B008CD104 /* MoreDetailsTableViewController.swift */,
				D8ABC1B026D29C67009AB503 /* ChatGroupTableViewController.swift */,
				D8ABC1B226D2A759009AB503 /* ChatRoomViewController.swift */,
				D825487926E5E77800208372 /* EmailCertificationViewController.swift */,
			);
			path = "View Controllers";
			sourceTree = "<group>";
		};
		D81BA21026AED535009B1FE3 /* Model Controllers */ = {
			isa = PBXGroup;
			children = (
				0C54E62F26BD069A007DF6CB /* CircleProgressViewController.swift */,
				0CB8FCC326D152000057F0CB /* MakeViewBorder.swift */,
			);
			path = "Model Controllers";
			sourceTree = "<group>";
		};
		D81BA21126AED58B009B1FE3 /* Network Controller */ = {
			isa = PBXGroup;
			children = (
			);
			path = "Network Controller";
			sourceTree = "<group>";
		};
		D81BA21526AEE1A6009B1FE3 /* Model */ = {
			isa = PBXGroup;
			children = (
				D85DAD4826BAA6A000E1A419 /* DeviceConfiguration.swift */,
				0C17CA1A26B7F40500D92B81 /* RecruitingText.swift */,
				D81BA21226AEDFF5009B1FE3 /* SortOfDormitory.swift */,
				D8C18F6B26B95E5000242ED7 /* School.swift */,
				D8ABC1AC26D283C8009AB503 /* FirebaseDataService.swift */,
				D8ABC1AE26D28533009AB503 /* chattingDataModel.swift */,
			);
			path = Model;
			sourceTree = "<group>";
		};
		D825487B26E87DF700208372 /* ChatMessage */ = {
			isa = PBXGroup;
			children = (
				D8ABC1B426D2ADF3009AB503 /* ChatMessageCell.swift */,
				D825487C26E87E2E00208372 /* ChatMessageAndUserCell.swift */,
			);
			path = ChatMessage;
			sourceTree = "<group>";
		};
		D85366BE26B1ACBC0045B8C8 /* Other Controllers */ = {
			isa = PBXGroup;
			children = (
				D825487B26E87DF700208372 /* ChatMessage */,
				0C17CA1C26B8159E00D92B81 /* MainTableViewCell.swift */,
				D85366C126B1AD0A0045B8C8 /* ListsTableViewCell.swift */,
				D8A0378D26DB7D6900477A5B /* ChatGroupTableViewCell.swift */,
			);
			path = "Other Controllers";
			sourceTree = "<group>";
		};
		D85DAD4C26BB9DCD00E1A419 /* Resource */ = {
			isa = PBXGroup;
			children = (
				D81BA1D726AA8B5C009B1FE3 /* AppDelegate.swift */,
				D81BA1D926AA8B5C009B1FE3 /* SceneDelegate.swift */,
			);
			path = Resource;
			sourceTree = "<group>";
		};
		D85DAD4E26BB9E3D00E1A419 /* Views */ = {
			isa = PBXGroup;
			children = (
				D85DAD4F26BB9E4B00E1A419 /* storyboard */,
				D81BA1E026AA8B5E009B1FE3 /* Assets.xcassets */,
			);
			path = Views;
			sourceTree = "<group>";
		};
		D85DAD4F26BB9E4B00E1A419 /* storyboard */ = {
			isa = PBXGroup;
			children = (
				D81BA1DD26AA8B5C009B1FE3 /* Main.storyboard */,
				D81BA1E226AA8B5E009B1FE3 /* LaunchScreen.storyboard */,
			);
			path = storyboard;
			sourceTree = "<group>";
		};
/* End PBXGroup section */

/* Begin PBXNativeTarget section */
		D81BA1D326AA8B5C009B1FE3 /* DormitoryForDelivery */ = {
			isa = PBXNativeTarget;
			buildConfigurationList = D81BA1E826AA8B5E009B1FE3 /* Build configuration list for PBXNativeTarget "DormitoryForDelivery" */;
			buildPhases = (
				70211E056276CB361CD9B5EE /* [CP] Check Pods Manifest.lock */,
				D81BA1D026AA8B5C009B1FE3 /* Sources */,
				D81BA1D126AA8B5C009B1FE3 /* Frameworks */,
				D81BA1D226AA8B5C009B1FE3 /* Resources */,
				71F5A458109D7044DC53CC2B /* [CP] Embed Pods Frameworks */,
			);
			buildRules = (
			);
			dependencies = (
			);
			name = DormitoryForDelivery;
			productName = DormitoryForDelivery;
			productReference = D81BA1D426AA8B5C009B1FE3 /* DormitoryForDelivery.app */;
			productType = "com.apple.product-type.application";
		};
/* End PBXNativeTarget section */

/* Begin PBXProject section */
		D81BA1CC26AA8B5C009B1FE3 /* Project object */ = {
			isa = PBXProject;
			attributes = {
				LastSwiftUpdateCheck = 1250;
				LastUpgradeCheck = 1250;
				TargetAttributes = {
					D81BA1D326AA8B5C009B1FE3 = {
						CreatedOnToolsVersion = 12.5.1;
					};
				};
			};
			buildConfigurationList = D81BA1CF26AA8B5C009B1FE3 /* Build configuration list for PBXProject "DormitoryForDelivery" */;
			compatibilityVersion = "Xcode 9.3";
			developmentRegion = en;
			hasScannedForEncodings = 0;
			knownRegions = (
				en,
				Base,
			);
			mainGroup = D81BA1CB26AA8B5C009B1FE3;
			productRefGroup = D81BA1D526AA8B5C009B1FE3 /* Products */;
			projectDirPath = "";
			projectRoot = "";
			targets = (
				D81BA1D326AA8B5C009B1FE3 /* DormitoryForDelivery */,
			);
		};
/* End PBXProject section */

/* Begin PBXResourcesBuildPhase section */
		D81BA1D226AA8B5C009B1FE3 /* Resources */ = {
			isa = PBXResourcesBuildPhase;
			buildActionMask = 2147483647;
			files = (
				D81BA1E426AA8B5E009B1FE3 /* LaunchScreen.storyboard in Resources */,
				D8A0379026DB865D00477A5B /* GoogleService-Info.plist in Resources */,
				D81BA1E126AA8B5E009B1FE3 /* Assets.xcassets in Resources */,
				D81BA1DF26AA8B5C009B1FE3 /* Main.storyboard in Resources */,
			);
			runOnlyForDeploymentPostprocessing = 0;
		};
/* End PBXResourcesBuildPhase section */

/* Begin PBXShellScriptBuildPhase section */
		70211E056276CB361CD9B5EE /* [CP] Check Pods Manifest.lock */ = {
			isa = PBXShellScriptBuildPhase;
			buildActionMask = 2147483647;
			files = (
			);
			inputFileListPaths = (
			);
			inputPaths = (
				"${PODS_PODFILE_DIR_PATH}/Podfile.lock",
				"${PODS_ROOT}/Manifest.lock",
			);
			name = "[CP] Check Pods Manifest.lock";
			outputFileListPaths = (
			);
			outputPaths = (
				"$(DERIVED_FILE_DIR)/Pods-DormitoryForDelivery-checkManifestLockResult.txt",
			);
			runOnlyForDeploymentPostprocessing = 0;
			shellPath = /bin/sh;
			shellScript = "diff \"${PODS_PODFILE_DIR_PATH}/Podfile.lock\" \"${PODS_ROOT}/Manifest.lock\" > /dev/null\nif [ $? != 0 ] ; then\n    # print error to STDERR\n    echo \"error: The sandbox is not in sync with the Podfile.lock. Run 'pod install' or update your CocoaPods installation.\" >&2\n    exit 1\nfi\n# This output is used by Xcode 'outputs' to avoid re-running this script phase.\necho \"SUCCESS\" > \"${SCRIPT_OUTPUT_FILE_0}\"\n";
			showEnvVarsInLog = 0;
		};
		71F5A458109D7044DC53CC2B /* [CP] Embed Pods Frameworks */ = {
			isa = PBXShellScriptBuildPhase;
			buildActionMask = 2147483647;
			files = (
			);
			inputFileListPaths = (
				"${PODS_ROOT}/Target Support Files/Pods-DormitoryForDelivery/Pods-DormitoryForDelivery-frameworks-${CONFIGURATION}-input-files.xcfilelist",
			);
			name = "[CP] Embed Pods Frameworks";
			outputFileListPaths = (
				"${PODS_ROOT}/Target Support Files/Pods-DormitoryForDelivery/Pods-DormitoryForDelivery-frameworks-${CONFIGURATION}-output-files.xcfilelist",
			);
			runOnlyForDeploymentPostprocessing = 0;
			shellPath = /bin/sh;
			shellScript = "\"${PODS_ROOT}/Target Support Files/Pods-DormitoryForDelivery/Pods-DormitoryForDelivery-frameworks.sh\"\n";
			showEnvVarsInLog = 0;
		};
/* End PBXShellScriptBuildPhase section */

/* Begin PBXSourcesBuildPhase section */
		D81BA1D026AA8B5C009B1FE3 /* Sources */ = {
			isa = PBXSourcesBuildPhase;
			buildActionMask = 2147483647;
			files = (
				0C17CA1D26B8159E00D92B81 /* MainTableViewCell.swift in Sources */,
				D8ABC1AF26D28533009AB503 /* chattingDataModel.swift in Sources */,
				D80E34B926CA8F1B008CD104 /* MoreDetailsTableViewController.swift in Sources */,
				0C26FE9726BE2414003C3501 /* MainTableViewController2.swift in Sources */,
				0CB8FCC426D152000057F0CB /* MakeViewBorder.swift in Sources */,
				D8C18F4426B6EE5D00242ED7 /* SelectCategoriesTableViewController.swift in Sources */,
				D8ABC1B126D29C67009AB503 /* ChatGroupTableViewController.swift in Sources */,
				D8A0378E26DB7D6900477A5B /* ChatGroupTableViewCell.swift in Sources */,
				D825487A26E5E77800208372 /* EmailCertificationViewController.swift in Sources */,
				0C4DC3E626C94D0B006A44DF /* PostViewController.swift in Sources */,
				D825487D26E87E2E00208372 /* ChatMessageAndUserCell.swift in Sources */,
				D8C18F4226B6E73C00242ED7 /* RecruitmenTableViewController.swift in Sources */,
				0CB4A01526EF74B5003818A0 /* EditNavigationController.swift in Sources */,
				D81BA1D826AA8B5C009B1FE3 /* AppDelegate.swift in Sources */,
				0C17CA1B26B7F40500D92B81 /* RecruitingText.swift in Sources */,
				0C54E63026BD069A007DF6CB /* CircleProgressViewController.swift in Sources */,
				D8143DB826C8F7EC003B70E8 /* MemberRegistrationViewController.swift in Sources */,
				CC7586A526B8524B008EF905 /* LogInViewController.swift in Sources */,
				D85366C226B1AD0A0045B8C8 /* ListsTableViewCell.swift in Sources */,
				0C4DC3EC26C94D49006A44DF /* PostTableViewController.swift in Sources */,
				D85DAD4926BAA6A000E1A419 /* DeviceConfiguration.swift in Sources */,
				D8ABC1AD26D283C8009AB503 /* FirebaseDataService.swift in Sources */,
				D8ABC1B526D2ADF3009AB503 /* ChatMessageCell.swift in Sources */,
				D81BA1DA26AA8B5C009B1FE3 /* SceneDelegate.swift in Sources */,
				D8C18F6C26B95E5000242ED7 /* School.swift in Sources */,
				D8ABC1B326D2A759009AB503 /* ChatRoomViewController.swift in Sources */,
				D81BA21326AEDFF5009B1FE3 /* SortOfDormitory.swift in Sources */,
			);
			runOnlyForDeploymentPostprocessing = 0;
		};
/* End PBXSourcesBuildPhase section */

/* Begin PBXVariantGroup section */
		D81BA1DD26AA8B5C009B1FE3 /* Main.storyboard */ = {
			isa = PBXVariantGroup;
			children = (
				D81BA1DE26AA8B5C009B1FE3 /* Base */,
			);
			name = Main.storyboard;
			sourceTree = "<group>";
		};
		D81BA1E226AA8B5E009B1FE3 /* LaunchScreen.storyboard */ = {
			isa = PBXVariantGroup;
			children = (
				D81BA1E326AA8B5E009B1FE3 /* Base */,
			);
			name = LaunchScreen.storyboard;
			sourceTree = "<group>";
		};
/* End PBXVariantGroup section */

/* Begin XCBuildConfiguration section */
		D81BA1E626AA8B5E009B1FE3 /* Debug */ = {
			isa = XCBuildConfiguration;
			buildSettings = {
				ALWAYS_SEARCH_USER_PATHS = NO;
				CLANG_ANALYZER_NONNULL = YES;
				CLANG_ANALYZER_NUMBER_OBJECT_CONVERSION = YES_AGGRESSIVE;
				CLANG_CXX_LANGUAGE_STANDARD = "gnu++14";
				CLANG_CXX_LIBRARY = "libc++";
				CLANG_ENABLE_MODULES = YES;
				CLANG_ENABLE_OBJC_ARC = YES;
				CLANG_ENABLE_OBJC_WEAK = YES;
				CLANG_WARN_BLOCK_CAPTURE_AUTORELEASING = YES;
				CLANG_WARN_BOOL_CONVERSION = YES;
				CLANG_WARN_COMMA = YES;
				CLANG_WARN_CONSTANT_CONVERSION = YES;
				CLANG_WARN_DEPRECATED_OBJC_IMPLEMENTATIONS = YES;
				CLANG_WARN_DIRECT_OBJC_ISA_USAGE = YES_ERROR;
				CLANG_WARN_DOCUMENTATION_COMMENTS = YES;
				CLANG_WARN_EMPTY_BODY = YES;
				CLANG_WARN_ENUM_CONVERSION = YES;
				CLANG_WARN_INFINITE_RECURSION = YES;
				CLANG_WARN_INT_CONVERSION = YES;
				CLANG_WARN_NON_LITERAL_NULL_CONVERSION = YES;
				CLANG_WARN_OBJC_IMPLICIT_RETAIN_SELF = YES;
				CLANG_WARN_OBJC_LITERAL_CONVERSION = YES;
				CLANG_WARN_OBJC_ROOT_CLASS = YES_ERROR;
				CLANG_WARN_QUOTED_INCLUDE_IN_FRAMEWORK_HEADER = YES;
				CLANG_WARN_RANGE_LOOP_ANALYSIS = YES;
				CLANG_WARN_STRICT_PROTOTYPES = YES;
				CLANG_WARN_SUSPICIOUS_MOVE = YES;
				CLANG_WARN_UNGUARDED_AVAILABILITY = YES_AGGRESSIVE;
				CLANG_WARN_UNREACHABLE_CODE = YES;
				CLANG_WARN__DUPLICATE_METHOD_MATCH = YES;
				COPY_PHASE_STRIP = NO;
				DEBUG_INFORMATION_FORMAT = dwarf;
				ENABLE_STRICT_OBJC_MSGSEND = YES;
				ENABLE_TESTABILITY = YES;
				GCC_C_LANGUAGE_STANDARD = gnu11;
				GCC_DYNAMIC_NO_PIC = NO;
				GCC_NO_COMMON_BLOCKS = YES;
				GCC_OPTIMIZATION_LEVEL = 0;
				GCC_PREPROCESSOR_DEFINITIONS = (
					"DEBUG=1",
					"$(inherited)",
				);
				GCC_WARN_64_TO_32_BIT_CONVERSION = YES;
				GCC_WARN_ABOUT_RETURN_TYPE = YES_ERROR;
				GCC_WARN_UNDECLARED_SELECTOR = YES;
				GCC_WARN_UNINITIALIZED_AUTOS = YES_AGGRESSIVE;
				GCC_WARN_UNUSED_FUNCTION = YES;
				GCC_WARN_UNUSED_VARIABLE = YES;
				IPHONEOS_DEPLOYMENT_TARGET = 14.5;
				MTL_ENABLE_DEBUG_INFO = INCLUDE_SOURCE;
				MTL_FAST_MATH = YES;
				ONLY_ACTIVE_ARCH = YES;
				SDKROOT = iphoneos;
				SWIFT_ACTIVE_COMPILATION_CONDITIONS = DEBUG;
				SWIFT_OPTIMIZATION_LEVEL = "-Onone";
			};
			name = Debug;
		};
		D81BA1E726AA8B5E009B1FE3 /* Release */ = {
			isa = XCBuildConfiguration;
			buildSettings = {
				ALWAYS_SEARCH_USER_PATHS = NO;
				CLANG_ANALYZER_NONNULL = YES;
				CLANG_ANALYZER_NUMBER_OBJECT_CONVERSION = YES_AGGRESSIVE;
				CLANG_CXX_LANGUAGE_STANDARD = "gnu++14";
				CLANG_CXX_LIBRARY = "libc++";
				CLANG_ENABLE_MODULES = YES;
				CLANG_ENABLE_OBJC_ARC = YES;
				CLANG_ENABLE_OBJC_WEAK = YES;
				CLANG_WARN_BLOCK_CAPTURE_AUTORELEASING = YES;
				CLANG_WARN_BOOL_CONVERSION = YES;
				CLANG_WARN_COMMA = YES;
				CLANG_WARN_CONSTANT_CONVERSION = YES;
				CLANG_WARN_DEPRECATED_OBJC_IMPLEMENTATIONS = YES;
				CLANG_WARN_DIRECT_OBJC_ISA_USAGE = YES_ERROR;
				CLANG_WARN_DOCUMENTATION_COMMENTS = YES;
				CLANG_WARN_EMPTY_BODY = YES;
				CLANG_WARN_ENUM_CONVERSION = YES;
				CLANG_WARN_INFINITE_RECURSION = YES;
				CLANG_WARN_INT_CONVERSION = YES;
				CLANG_WARN_NON_LITERAL_NULL_CONVERSION = YES;
				CLANG_WARN_OBJC_IMPLICIT_RETAIN_SELF = YES;
				CLANG_WARN_OBJC_LITERAL_CONVERSION = YES;
				CLANG_WARN_OBJC_ROOT_CLASS = YES_ERROR;
				CLANG_WARN_QUOTED_INCLUDE_IN_FRAMEWORK_HEADER = YES;
				CLANG_WARN_RANGE_LOOP_ANALYSIS = YES;
				CLANG_WARN_STRICT_PROTOTYPES = YES;
				CLANG_WARN_SUSPICIOUS_MOVE = YES;
				CLANG_WARN_UNGUARDED_AVAILABILITY = YES_AGGRESSIVE;
				CLANG_WARN_UNREACHABLE_CODE = YES;
				CLANG_WARN__DUPLICATE_METHOD_MATCH = YES;
				COPY_PHASE_STRIP = NO;
				DEBUG_INFORMATION_FORMAT = "dwarf-with-dsym";
				ENABLE_NS_ASSERTIONS = NO;
				ENABLE_STRICT_OBJC_MSGSEND = YES;
				GCC_C_LANGUAGE_STANDARD = gnu11;
				GCC_NO_COMMON_BLOCKS = YES;
				GCC_WARN_64_TO_32_BIT_CONVERSION = YES;
				GCC_WARN_ABOUT_RETURN_TYPE = YES_ERROR;
				GCC_WARN_UNDECLARED_SELECTOR = YES;
				GCC_WARN_UNINITIALIZED_AUTOS = YES_AGGRESSIVE;
				GCC_WARN_UNUSED_FUNCTION = YES;
				GCC_WARN_UNUSED_VARIABLE = YES;
				IPHONEOS_DEPLOYMENT_TARGET = 14.5;
				MTL_ENABLE_DEBUG_INFO = NO;
				MTL_FAST_MATH = YES;
				SDKROOT = iphoneos;
				SWIFT_COMPILATION_MODE = wholemodule;
				SWIFT_OPTIMIZATION_LEVEL = "-O";
				VALIDATE_PRODUCT = YES;
			};
			name = Release;
		};
		D81BA1E926AA8B5E009B1FE3 /* Debug */ = {
			isa = XCBuildConfiguration;
			baseConfigurationReference = B7F007BF26FA59F1F6599373 /* Pods-DormitoryForDelivery.debug.xcconfig */;
			buildSettings = {
				ASSETCATALOG_COMPILER_APPICON_NAME = AppIcon;
				ASSETCATALOG_COMPILER_GLOBAL_ACCENT_COLOR_NAME = AccentColor;
				CODE_SIGN_IDENTITY = "Apple Development";
				CODE_SIGN_STYLE = Automatic;
				DEVELOPMENT_TEAM = KHQ37J8NU9;
				INFOPLIST_FILE = DormitoryForDelivery/Info.plist;
				LD_RUNPATH_SEARCH_PATHS = (
					"$(inherited)",
					"@executable_path/Frameworks",
				);
				PRODUCT_BUNDLE_IDENTIFIER = com.codershigh.DormitoryForDelivery;
				PRODUCT_NAME = "$(TARGET_NAME)";
				PROVISIONING_PROFILE_SPECIFIER = "";
				SWIFT_VERSION = 5.0;
				TARGETED_DEVICE_FAMILY = 1;
			};
			name = Debug;
		};
		D81BA1EA26AA8B5E009B1FE3 /* Release */ = {
			isa = XCBuildConfiguration;
			baseConfigurationReference = CAD7B5AA9DCDA7CA71B229C8 /* Pods-DormitoryForDelivery.release.xcconfig */;
			buildSettings = {
				ASSETCATALOG_COMPILER_APPICON_NAME = AppIcon;
				ASSETCATALOG_COMPILER_GLOBAL_ACCENT_COLOR_NAME = AccentColor;
				CODE_SIGN_IDENTITY = "Apple Development";
				CODE_SIGN_STYLE = Automatic;
				DEVELOPMENT_TEAM = KHQ37J8NU9;
				INFOPLIST_FILE = DormitoryForDelivery/Info.plist;
				LD_RUNPATH_SEARCH_PATHS = (
					"$(inherited)",
					"@executable_path/Frameworks",
				);
				PRODUCT_BUNDLE_IDENTIFIER = com.codershigh.DormitoryForDelivery;
				PRODUCT_NAME = "$(TARGET_NAME)";
				PROVISIONING_PROFILE_SPECIFIER = "";
				SWIFT_VERSION = 5.0;
				TARGETED_DEVICE_FAMILY = 1;
			};
			name = Release;
		};
/* End XCBuildConfiguration section */

/* Begin XCConfigurationList section */
		D81BA1CF26AA8B5C009B1FE3 /* Build configuration list for PBXProject "DormitoryForDelivery" */ = {
			isa = XCConfigurationList;
			buildConfigurations = (
				D81BA1E626AA8B5E009B1FE3 /* Debug */,
				D81BA1E726AA8B5E009B1FE3 /* Release */,
			);
			defaultConfigurationIsVisible = 0;
			defaultConfigurationName = Release;
		};
		D81BA1E826AA8B5E009B1FE3 /* Build configuration list for PBXNativeTarget "DormitoryForDelivery" */ = {
			isa = XCConfigurationList;
			buildConfigurations = (
				D81BA1E926AA8B5E009B1FE3 /* Debug */,
				D81BA1EA26AA8B5E009B1FE3 /* Release */,
			);
			defaultConfigurationIsVisible = 0;
			defaultConfigurationName = Release;
		};
/* End XCConfigurationList section */
	};
	rootObject = D81BA1CC26AA8B5C009B1FE3 /* Project object */;
}
